
Microsoft Visual Studio Solution File, Format Version 12.00
# Visual Studio 2013
VisualStudioVersion = 12.0.21005.1
MinimumVisualStudioVersion = 10.0.40219.1
Project("{FAE04EC0-301F-11D3-BF4B-00C04F79EFBC}") = "fibonacciAlgoritm", "fibonacciAlgoritm\fibonacciAlgoritm.csproj", "{E07F126C-D7CB-49D1-A445-603CD01902EA}"
EndProject
Global
	GlobalSection(SolutionConfigurationPlatforms) = preSolution
		Debug|Any CPU = Debug|Any CPU
		Release|Any CPU = Release|Any CPU
	EndGlobalSection
	GlobalSection(ProjectConfigurationPlatforms) = postSolution
		{E07F126C-D7CB-49D1-A445-603CD01902EA}.Debug|Any CPU.ActiveCfg = Debug|Any CPU
		{E07F126C-D7CB-49D1-A445-603CD01902EA}.Debug|Any CPU.Build.0 = Debug|Any CPU
		{E07F126C-D7CB-49D1-A445-603CD01902EA}.Release|Any CPU.ActiveCfg = Release|Any CPU
		{E07F126C-D7CB-49D1-A445-603CD01902EA}.Release|Any CPU.Build.0 = Release|Any CPU
	EndGlobalSection
	GlobalSection(SolutionProperties) = preSolution
		HideSolutionNode = FALSE
	EndGlobalSection
EndGlobal
